// !$*UTF8*$!
{
	archiveVersion = 1;
	classes = {
	};
	objectVersion = 46;
	objects = {

/* Begin PBXBuildFile section */
		CE479A7A1E3FCF5500EE25CF /* main.m in Sources */ = {isa = PBXBuildFile; fileRef = CE479A791E3FCF5500EE25CF /* main.m */; };
		CE479A7D1E3FCF5500EE25CF /* AppDelegate.m in Sources */ = {isa = PBXBuildFile; fileRef = CE479A7C1E3FCF5500EE25CF /* AppDelegate.m */; };
		CE479A801E3FCF5500EE25CF /* ViewController.m in Sources */ = {isa = PBXBuildFile; fileRef = CE479A7F1E3FCF5500EE25CF /* ViewController.m */; };
		CE479A831E3FCF5500EE25CF /* Main.storyboard in Resources */ = {isa = PBXBuildFile; fileRef = CE479A811E3FCF5500EE25CF /* Main.storyboard */; };
		CE479A851E3FCF5500EE25CF /* Assets.xcassets in Resources */ = {isa = PBXBuildFile; fileRef = CE479A841E3FCF5500EE25CF /* Assets.xcassets */; };
		CE479A881E3FCF5500EE25CF /* LaunchScreen.storyboard in Resources */ = {isa = PBXBuildFile; fileRef = CE479A861E3FCF5500EE25CF /* LaunchScreen.storyboard */; };
		CE479A931E3FCF5500EE25CF /* ObjC2_Lesson1Tests.m in Sources */ = {isa = PBXBuildFile; fileRef = CE479A921E3FCF5500EE25CF /* ObjC2_Lesson1Tests.m */; };
		CE479A9E1E3FCF5500EE25CF /* ObjC2_Lesson1UITests.m in Sources */ = {isa = PBXBuildFile; fileRef = CE479A9D1E3FCF5500EE25CF /* ObjC2_Lesson1UITests.m */; };
		CE479AAC1E3FD30300EE25CF /* IMG_4909.JPG in Resources */ = {isa = PBXBuildFile; fileRef = CE479AAB1E3FD30300EE25CF /* IMG_4909.JPG */; };
/* End PBXBuildFile section */

/* Begin PBXContainerItemProxy section */
		CE479A8F1E3FCF5500EE25CF /* PBXContainerItemProxy */ = {
			isa = PBXContainerItemProxy;
			containerPortal = CE479A6D1E3FCF5500EE25CF /* Project object */;
			proxyType = 1;
			remoteGlobalIDString = CE479A741E3FCF5500EE25CF;
			remoteInfo = ObjC2.Lesson1;
		};
		CE479A9A1E3FCF5500EE25CF /* PBXContainerItemProxy */ = {
			isa = PBXContainerItemProxy;
			containerPortal = CE479A6D1E3FCF5500EE25CF /* Project object */;
			proxyType = 1;
			remoteGlobalIDString = CE479A741E3FCF5500EE25CF;
			remoteInfo = ObjC2.Lesson1;
		};
/* End PBXContainerItemProxy section */

/* Begin PBXFileReference section */
		CE479A751E3FCF5500EE25CF /* ObjC2.Lesson1.app */ = {isa = PBXFileReference; explicitFileType = wrapper.application; includeInIndex = 0; path = ObjC2.Lesson1.app; sourceTree = BUILT_PRODUCTS_DIR; };
		CE479A791E3FCF5500EE25CF /* main.m */ = {isa = PBXFileReference; lastKnownFileType = sourcecode.c.objc; path = main.m; sourceTree = "<group>"; };
		CE479A7B1E3FCF5500EE25CF /* AppDelegate.h */ = {isa = PBXFileReference; lastKnownFileType = sourcecode.c.h; path = AppDelegate.h; sourceTree = "<group>"; };
		CE479A7C1E3FCF5500EE25CF /* AppDelegate.m */ = {isa = PBXFileReference; lastKnownFileType = sourcecode.c.objc; path = AppDelegate.m; sourceTree = "<group>"; };
		CE479A7E1E3FCF5500EE25CF /* ViewController.h */ = {isa = PBXFileReference; lastKnownFileType = sourcecode.c.h; path = ViewController.h; sourceTree = "<group>"; };
		CE479A7F1E3FCF5500EE25CF /* ViewController.m */ = {isa = PBXFileReference; lastKnownFileType = sourcecode.c.objc; path = ViewController.m; sourceTree = "<group>"; };
		CE479A821E3FCF5500EE25CF /* Base */ = {isa = PBXFileReference; lastKnownFileType = file.storyboard; name = Base; path = Base.lproj/Main.storyboard; sourceTree = "<group>"; };
		CE479A841E3FCF5500EE25CF /* Assets.xcassets */ = {isa = PBXFileReference; lastKnownFileType = folder.assetcatalog; path = Assets.xcassets; sourceTree = "<group>"; };
		CE479A871E3FCF5500EE25CF /* Base */ = {isa = PBXFileReference; lastKnownFileType = file.storyboard; name = Base; path = Base.lproj/LaunchScreen.storyboard; sourceTree = "<group>"; };
		CE479A891E3FCF5500EE25CF /* Info.plist */ = {isa = PBXFileReference; lastKnownFileType = text.plist.xml; path = Info.plist; sourceTree = "<group>"; };
		CE479A8E1E3FCF5500EE25CF /* ObjC2.Lesson1Tests.xctest */ = {isa = PBXFileReference; explicitFileType = wrapper.cfbundle; includeInIndex = 0; path = ObjC2.Lesson1Tests.xctest; sourceTree = BUILT_PRODUCTS_DIR; };
		CE479A921E3FCF5500EE25CF /* ObjC2_Lesson1Tests.m */ = {isa = PBXFileReference; lastKnownFileType = sourcecode.c.objc; path = ObjC2_Lesson1Tests.m; sourceTree = "<group>"; };
		CE479A941E3FCF5500EE25CF /* Info.plist */ = {isa = PBXFileReference; lastKnownFileType = text.plist.xml; path = Info.plist; sourceTree = "<group>"; };
		CE479A991E3FCF5500EE25CF /* ObjC2.Lesson1UITests.xctest */ = {isa = PBXFileReference; explicitFileType = wrapper.cfbundle; includeInIndex = 0; path = ObjC2.Lesson1UITests.xctest; sourceTree = BUILT_PRODUCTS_DIR; };
		CE479A9D1E3FCF5500EE25CF /* ObjC2_Lesson1UITests.m */ = {isa = PBXFileReference; lastKnownFileType = sourcecode.c.objc; path = ObjC2_Lesson1UITests.m; sourceTree = "<group>"; };
		CE479A9F1E3FCF5500EE25CF /* Info.plist */ = {isa = PBXFileReference; lastKnownFileType = text.plist.xml; path = Info.plist; sourceTree = "<group>"; };
		CE479AAB1E3FD30300EE25CF /* IMG_4909.JPG */ = {isa = PBXFileReference; lastKnownFileType = image.jpeg; name = IMG_4909.JPG; path = "../../../Фото/р.Ока (д.Прилуки, август 2016)/IMG_4909.JPG"; sourceTree = "<group>"; };
/* End PBXFileReference section */

/* Begin PBXFrameworksBuildPhase section */
		CE479A721E3FCF5500EE25CF /* Frameworks */ = {
			isa = PBXFrameworksBuildPhase;
			buildActionMask = 2147483647;
			files = (
			);
			runOnlyForDeploymentPostprocessing = 0;
		};
		CE479A8B1E3FCF5500EE25CF /* Frameworks */ = {
			isa = PBXFrameworksBuildPhase;
			buildActionMask = 2147483647;
			files = (
			);
			runOnlyForDeploymentPostprocessing = 0;
		};
		CE479A961E3FCF5500EE25CF /* Frameworks */ = {
			isa = PBXFrameworksBuildPhase;
			buildActionMask = 2147483647;
			files = (
			);
			runOnlyForDeploymentPostprocessing = 0;
		};
/* End PBXFrameworksBuildPhase section */

/* Begin PBXGroup section */
		CE479A6C1E3FCF5500EE25CF = {
			isa = PBXGroup;
			children = (
				CE479AAB1E3FD30300EE25CF /* IMG_4909.JPG */,
				CE479A771E3FCF5500EE25CF /* ObjC2.Lesson1 */,
				CE479A911E3FCF5500EE25CF /* ObjC2.Lesson1Tests */,
				CE479A9C1E3FCF5500EE25CF /* ObjC2.Lesson1UITests */,
				CE479A761E3FCF5500EE25CF /* Products */,
			);
			sourceTree = "<group>";
		};
		CE479A761E3FCF5500EE25CF /* Products */ = {
			isa = PBXGroup;
			children = (
				CE479A751E3FCF5500EE25CF /* ObjC2.Lesson1.app */,
				CE479A8E1E3FCF5500EE25CF /* ObjC2.Lesson1Tests.xctest */,
				CE479A991E3FCF5500EE25CF /* ObjC2.Lesson1UITests.xctest */,
			);
			name = Products;
			sourceTree = "<group>";
		};
		CE479A771E3FCF5500EE25CF /* ObjC2.Lesson1 */ = {
			isa = PBXGroup;
			children = (
				CE479A7B1E3FCF5500EE25CF /* AppDelegate.h */,
				CE479A7C1E3FCF5500EE25CF /* AppDelegate.m */,
				CE479A7E1E3FCF5500EE25CF /* ViewController.h */,
				CE479A7F1E3FCF5500EE25CF /* ViewController.m */,
				CE479A811E3FCF5500EE25CF /* Main.storyboard */,
				CE479A841E3FCF5500EE25CF /* Assets.xcassets */,
				CE479A861E3FCF5500EE25CF /* LaunchScreen.storyboard */,
				CE479A891E3FCF5500EE25CF /* Info.plist */,
				CE479A781E3FCF5500EE25CF /* Supporting Files */,
			);
			path = ObjC2.Lesson1;
			sourceTree = "<group>";
		};
		CE479A781E3FCF5500EE25CF /* Supporting Files */ = {
			isa = PBXGroup;
			children = (
				CE479A791E3FCF5500EE25CF /* main.m */,
			);
			name = "Supporting Files";
			sourceTree = "<group>";
		};
		CE479A911E3FCF5500EE25CF /* ObjC2.Lesson1Tests */ = {
			isa = PBXGroup;
			children = (
				CE479A921E3FCF5500EE25CF /* ObjC2_Lesson1Tests.m */,
				CE479A941E3FCF5500EE25CF /* Info.plist */,
			);
			path = ObjC2.Lesson1Tests;
			sourceTree = "<group>";
		};
		CE479A9C1E3FCF5500EE25CF /* ObjC2.Lesson1UITests */ = {
			isa = PBXGroup;
			children = (
				CE479A9D1E3FCF5500EE25CF /* ObjC2_Lesson1UITests.m */,
				CE479A9F1E3FCF5500EE25CF /* Info.plist */,
			);
			path = ObjC2.Lesson1UITests;
			sourceTree = "<group>";
		};
/* End PBXGroup section */

/* Begin PBXNativeTarget section */
		CE479A741E3FCF5500EE25CF /* ObjC2.Lesson1 */ = {
			isa = PBXNativeTarget;
			buildConfigurationList = CE479AA21E3FCF5500EE25CF /* Build configuration list for PBXNativeTarget "ObjC2.Lesson1" */;
			buildPhases = (
				CE479A711E3FCF5500EE25CF /* Sources */,
				CE479A721E3FCF5500EE25CF /* Frameworks */,
				CE479A731E3FCF5500EE25CF /* Resources */,
			);
			buildRules = (
			);
			dependencies = (
			);
			name = ObjC2.Lesson1;
			productName = ObjC2.Lesson1;
			productReference = CE479A751E3FCF5500EE25CF /* ObjC2.Lesson1.app */;
			productType = "com.apple.product-type.application";
		};
		CE479A8D1E3FCF5500EE25CF /* ObjC2.Lesson1Tests */ = {
			isa = PBXNativeTarget;
			buildConfigurationList = CE479AA51E3FCF5500EE25CF /* Build configuration list for PBXNativeTarget "ObjC2.Lesson1Tests" */;
			buildPhases = (
				CE479A8A1E3FCF5500EE25CF /* Sources */,
				CE479A8B1E3FCF5500EE25CF /* Frameworks */,
				CE479A8C1E3FCF5500EE25CF /* Resources */,
			);
			buildRules = (
			);
			dependencies = (
				CE479A901E3FCF5500EE25CF /* PBXTargetDependency */,
			);
			name = ObjC2.Lesson1Tests;
			productName = ObjC2.Lesson1Tests;
			productReference = CE479A8E1E3FCF5500EE25CF /* ObjC2.Lesson1Tests.xctest */;
			productType = "com.apple.product-type.bundle.unit-test";
		};
		CE479A981E3FCF5500EE25CF /* ObjC2.Lesson1UITests */ = {
			isa = PBXNativeTarget;
			buildConfigurationList = CE479AA81E3FCF5500EE25CF /* Build configuration list for PBXNativeTarget "ObjC2.Lesson1UITests" */;
			buildPhases = (
				CE479A951E3FCF5500EE25CF /* Sources */,
				CE479A961E3FCF5500EE25CF /* Frameworks */,
				CE479A971E3FCF5500EE25CF /* Resources */,
			);
			buildRules = (
			);
			dependencies = (
				CE479A9B1E3FCF5500EE25CF /* PBXTargetDependency */,
			);
			name = ObjC2.Lesson1UITests;
			productName = ObjC2.Lesson1UITests;
			productReference = CE479A991E3FCF5500EE25CF /* ObjC2.Lesson1UITests.xctest */;
			productType = "com.apple.product-type.bundle.ui-testing";
		};
/* End PBXNativeTarget section */

/* Begin PBXProject section */
		CE479A6D1E3FCF5500EE25CF /* Project object */ = {
			isa = PBXProject;
			attributes = {
				LastUpgradeCheck = 0810;
				ORGANIZATIONNAME = "Natalia Tanina";
				TargetAttributes = {
					CE479A741E3FCF5500EE25CF = {
						CreatedOnToolsVersion = 8.1;
						ProvisioningStyle = Automatic;
					};
					CE479A8D1E3FCF5500EE25CF = {
						CreatedOnToolsVersion = 8.1;
						ProvisioningStyle = Automatic;
						TestTargetID = CE479A741E3FCF5500EE25CF;
					};
					CE479A981E3FCF5500EE25CF = {
						CreatedOnToolsVersion = 8.1;
						ProvisioningStyle = Automatic;
						TestTargetID = CE479A741E3FCF5500EE25CF;
					};
				};
			};
			buildConfigurationList = CE479A701E3FCF5500EE25CF /* Build configuration list for PBXProject "ObjC2.Lesson1" */;
			compatibilityVersion = "Xcode 3.2";
			developmentRegion = English;
			hasScannedForEncodings = 0;
			knownRegions = (
				en,
				Base,
			);
			mainGroup = CE479A6C1E3FCF5500EE25CF;
			productRefGroup = CE479A761E3FCF5500EE25CF /* Products */;
			projectDirPath = "";
			projectRoot = "";
			targets = (
				CE479A741E3FCF5500EE25CF /* ObjC2.Lesson1 */,
				CE479A8D1E3FCF5500EE25CF /* ObjC2.Lesson1Tests */,
				CE479A981E3FCF5500EE25CF /* ObjC2.Lesson1UITests */,
			);
		};
/* End PBXProject section */

/* Begin PBXResourcesBuildPhase section */
		CE479A731E3FCF5500EE25CF /* Resources */ = {
			isa = PBXResourcesBuildPhase;
			buildActionMask = 2147483647;
			files = (
				CE479A881E3FCF5500EE25CF /* LaunchScreen.storyboard in Resources */,
				CE479AAC1E3FD30300EE25CF /* IMG_4909.JPG in Resources */,
				CE479A851E3FCF5500EE25CF /* Assets.xcassets in Resources */,
				CE479A831E3FCF5500EE25CF /* Main.storyboard in Resources */,
			);
			runOnlyForDeploymentPostprocessing = 0;
		};
		CE479A8C1E3FCF5500EE25CF /* Resources */ = {
			isa = PBXResourcesBuildPhase;
			buildActionMask = 2147483647;
			files = (
			);
			runOnlyForDeploymentPostprocessing = 0;
		};
		CE479A971E3FCF5500EE25CF /* Resources */ = {
			isa = PBXResourcesBuildPhase;
			buildActionMask = 2147483647;
			files = (
			);
			runOnlyForDeploymentPostprocessing = 0;
		};
/* End PBXResourcesBuildPhase section */

/* Begin PBXSourcesBuildPhase section */
		CE479A711E3FCF5500EE25CF /* Sources */ = {
			isa = PBXSourcesBuildPhase;
			buildActionMask = 2147483647;
			files = (
				CE479A801E3FCF5500EE25CF /* ViewController.m in Sources */,
				CE479A7D1E3FCF5500EE25CF /* AppDelegate.m in Sources */,
				CE479A7A1E3FCF5500EE25CF /* main.m in Sources */,
			);
			runOnlyForDeploymentPostprocessing = 0;
		};
		CE479A8A1E3FCF5500EE25CF /* Sources */ = {
			isa = PBXSourcesBuildPhase;
			buildActionMask = 2147483647;
			files = (
				CE479A931E3FCF5500EE25CF /* ObjC2_Lesson1Tests.m in Sources */,
			);
			runOnlyForDeploymentPostprocessing = 0;
		};
		CE479A951E3FCF5500EE25CF /* Sources */ = {
			isa = PBXSourcesBuildPhase;
			buildActionMask = 2147483647;
			files = (
				CE479A9E1E3FCF5500EE25CF /* ObjC2_Lesson1UITests.m in Sources */,
			);
			runOnlyForDeploymentPostprocessing = 0;
		};
/* End PBXSourcesBuildPhase section */

/* Begin PBXTargetDependency section */
		CE479A901E3FCF5500EE25CF /* PBXTargetDependency */ = {
			isa = PBXTargetDependency;
			target = CE479A741E3FCF5500EE25CF /* ObjC2.Lesson1 */;
			targetProxy = CE479A8F1E3FCF5500EE25CF /* PBXContainerItemProxy */;
		};
		CE479A9B1E3FCF5500EE25CF /* PBXTargetDependency */ = {
			isa = PBXTargetDependency;
			target = CE479A741E3FCF5500EE25CF /* ObjC2.Lesson1 */;
			targetProxy = CE479A9A1E3FCF5500EE25CF /* PBXContainerItemProxy */;
		};
/* End PBXTargetDependency section */

/* Begin PBXVariantGroup section */
		CE479A811E3FCF5500EE25CF /* Main.storyboard */ = {
			isa = PBXVariantGroup;
			children = (
				CE479A821E3FCF5500EE25CF /* Base */,
			);
			name = Main.storyboard;
			sourceTree = "<group>";
		};
		CE479A861E3FCF5500EE25CF /* LaunchScreen.storyboard */ = {
			isa = PBXVariantGroup;
			children = (
				CE479A871E3FCF5500EE25CF /* Base */,
			);
			name = LaunchScreen.storyboard;
			sourceTree = "<group>";
		};
/* End PBXVariantGroup section */

/* Begin XCBuildConfiguration section */
		CE479AA01E3FCF5500EE25CF /* Debug */ = {
			isa = XCBuildConfiguration;
			buildSettings = {
				ALWAYS_SEARCH_USER_PATHS = NO;
				CLANG_ANALYZER_NONNULL = YES;
				CLANG_CXX_LANGUAGE_STANDARD = "gnu++0x";
				CLANG_CXX_LIBRARY = "libc++";
				CLANG_ENABLE_MODULES = YES;
				CLANG_ENABLE_OBJC_ARC = YES;
				CLANG_WARN_BOOL_CONVERSION = YES;
				CLANG_WARN_CONSTANT_CONVERSION = YES;
				CLANG_WARN_DIRECT_OBJC_ISA_USAGE = YES_ERROR;
				CLANG_WARN_DOCUMENTATION_COMMENTS = YES;
				CLANG_WARN_EMPTY_BODY = YES;
				CLANG_WARN_ENUM_CONVERSION = YES;
				CLANG_WARN_INFINITE_RECURSION = YES;
				CLANG_WARN_INT_CONVERSION = YES;
				CLANG_WARN_OBJC_ROOT_CLASS = YES_ERROR;
				CLANG_WARN_SUSPICIOUS_MOVES = YES;
				CLANG_WARN_UNREACHABLE_CODE = YES;
				CLANG_WARN__DUPLICATE_METHOD_MATCH = YES;
				"CODE_SIGN_IDENTITY[sdk=iphoneos*]" = "iPhone Developer";
				COPY_PHASE_STRIP = NO;
				DEBUG_INFORMATION_FORMAT = dwarf;
				ENABLE_STRICT_OBJC_MSGSEND = YES;
				ENABLE_TESTABILITY = YES;
				GCC_C_LANGUAGE_STANDARD = gnu99;
				GCC_DYNAMIC_NO_PIC = NO;
				GCC_NO_COMMON_BLOCKS = YES;
				GCC_OPTIMIZATION_LEVEL = 0;
				GCC_PREPROCESSOR_DEFINITIONS = (
					"DEBUG=1",
					"$(inherited)",
				);
				GCC_WARN_64_TO_32_BIT_CONVERSION = YES;
				GCC_WARN_ABOUT_RETURN_TYPE = YES_ERROR;
				GCC_WARN_UNDECLARED_SELECTOR = YES;
				GCC_WARN_UNINITIALIZED_AUTOS = YES_AGGRESSIVE;
				GCC_WARN_UNUSED_FUNCTION = YES;
				GCC_WARN_UNUSED_VARIABLE = YES;
				IPHONEOS_DEPLOYMENT_TARGET = 10.1;
				MTL_ENABLE_DEBUG_INFO = YES;
				ONLY_ACTIVE_ARCH = YES;
				SDKROOT = iphoneos;
				TARGETED_DEVICE_FAMILY = "1,2";
			};
			name = Debug;
		};
		CE479AA11E3FCF5500EE25CF /* Release */ = {
			isa = XCBuildConfiguration;
			buildSettings = {
				ALWAYS_SEARCH_USER_PATHS = NO;
				CLANG_ANALYZER_NONNULL = YES;
				CLANG_CXX_LANGUAGE_STANDARD = "gnu++0x";
				CLANG_CXX_LIBRARY = "libc++";
				CLANG_ENABLE_MODULES = YES;
				CLANG_ENABLE_OBJC_ARC = YES;
				CLANG_WARN_BOOL_CONVERSION = YES;
				CLANG_WARN_CONSTANT_CONVERSION = YES;
				CLANG_WARN_DIRECT_OBJC_ISA_USAGE = YES_ERROR;
				CLANG_WARN_DOCUMENTATION_COMMENTS = YES;
				CLANG_WARN_EMPTY_BODY = YES;
				CLANG_WARN_ENUM_CONVERSION = YES;
				CLANG_WARN_INFINITE_RECURSION = YES;
				CLANG_WARN_INT_CONVERSION = YES;
				CLANG_WARN_OBJC_ROOT_CLASS = YES_ERROR;
				CLANG_WARN_SUSPICIOUS_MOVES = YES;
				CLANG_WARN_UNREACHABLE_CODE = YES;
				CLANG_WARN__DUPLICATE_METHOD_MATCH = YES;
				"CODE_SIGN_IDENTITY[sdk=iphoneos*]" = "iPhone Developer";
				COPY_PHASE_STRIP = NO;
				DEBUG_INFORMATION_FORMAT = "dwarf-with-dsym";
				ENABLE_NS_ASSERTIONS = NO;
				ENABLE_STRICT_OBJC_MSGSEND = YES;
				GCC_C_LANGUAGE_STANDARD = gnu99;
				GCC_NO_COMMON_BLOCKS = YES;
				GCC_WARN_64_TO_32_BIT_CONVERSION = YES;
				GCC_WARN_ABOUT_RETURN_TYPE = YES_ERROR;
				GCC_WARN_UNDECLARED_SELECTOR = YES;
				GCC_WARN_UNINITIALIZED_AUTOS = YES_AGGRESSIVE;
				GCC_WARN_UNUSED_FUNCTION = YES;
				GCC_WARN_UNUSED_VARIABLE = YES;
				IPHONEOS_DEPLOYMENT_TARGET = 10.1;
				MTL_ENABLE_DEBUG_INFO = NO;
				SDKROOT = iphoneos;
				TARGETED_DEVICE_FAMILY = "1,2";
				VALIDATE_PRODUCT = YES;
			};
			name = Release;
		};
		CE479AA31E3FCF5500EE25CF /* Debug */ = {
			isa = XCBuildConfiguration;
			buildSettings = {
				ASSETCATALOG_COMPILER_APPICON_NAME = AppIcon;
				INFOPLIST_FILE = ObjC2.Lesson1/Info.plist;
				IPHONEOS_DEPLOYMENT_TARGET = 10.0;
				LD_RUNPATH_SEARCH_PATHS = "$(inherited) @executable_path/Frameworks";
				PRODUCT_BUNDLE_IDENTIFIER = "StudyGeekBrains.ObjC2-Lesson1";
				PRODUCT_NAME = "$(TARGET_NAME)";
			};
			name = Debug;
		};
		CE479AA41E3FCF5500EE25CF /* Release */ = {
			isa = XCBuildConfiguration;
			buildSettings = {
				ASSETCATALOG_COMPILER_APPICON_NAME = AppIcon;
				INFOPLIST_FILE = ObjC2.Lesson1/Info.plist;
				IPHONEOS_DEPLOYMENT_TARGET = 10.0;
				LD_RUNPATH_SEARCH_PATHS = "$(inherited) @executable_path/Frameworks";
				PRODUCT_BUNDLE_IDENTIFIER = "StudyGeekBrains.ObjC2-Lesson1";
				PRODUCT_NAME = "$(TARGET_NAME)";
			};
			name = Release;
		};
		CE479AA61E3FCF5500EE25CF /* Debug */ = {
			isa = XCBuildConfiguration;
			buildSettings = {
				BUNDLE_LOADER = "$(TEST_HOST)";
				INFOPLIST_FILE = ObjC2.Lesson1Tests/Info.plist;
				LD_RUNPATH_SEARCH_PATHS = "$(inherited) @executable_path/Frameworks @loader_path/Frameworks";
				PRODUCT_BUNDLE_IDENTIFIER = "StudyGeekBrains.ObjC2-Lesson1Tests";
				PRODUCT_NAME = "$(TARGET_NAME)";
				TEST_HOST = "$(BUILT_PRODUCTS_DIR)/ObjC2.Lesson1.app/ObjC2.Lesson1";
			};
			name = Debug;
		};
		CE479AA71E3FCF5500EE25CF /* Release */ = {
			isa = XCBuildConfiguration;
			buildSettings = {
				BUNDLE_LOADER = "$(TEST_HOST)";
				INFOPLIST_FILE = ObjC2.Lesson1Tests/Info.plist;
				LD_RUNPATH_SEARCH_PATHS = "$(inherited) @executable_path/Frameworks @loader_path/Frameworks";
				PRODUCT_BUNDLE_IDENTIFIER = "StudyGeekBrains.ObjC2-Lesson1Tests";
				PRODUCT_NAME = "$(TARGET_NAME)";
				TEST_HOST = "$(BUILT_PRODUCTS_DIR)/ObjC2.Lesson1.app/ObjC2.Lesson1";
			};
			name = Release;
		};
		CE479AA91E3FCF5500EE25CF /* Debug */ = {
			isa = XCBuildConfiguration;
			buildSettings = {
				INFOPLIST_FILE = ObjC2.Lesson1UITests/Info.plist;
				LD_RUNPATH_SEARCH_PATHS = "$(inherited) @executable_path/Frameworks @loader_path/Frameworks";
				PRODUCT_BUNDLE_IDENTIFIER = "StudyGeekBrains.ObjC2-Lesson1UITests";
				PRODUCT_NAME = "$(TARGET_NAME)";
				TEST_TARGET_NAME = ObjC2.Lesson1;
			};
			name = Debug;
		};
		CE479AAA1E3FCF5500EE25CF /* Release */ = {
			isa = XCBuildConfiguration;
			buildSettings = {
				INFOPLIST_FILE = ObjC2.Lesson1UITests/Info.plist;
				LD_RUNPATH_SEARCH_PATHS = "$(inherited) @executable_path/Frameworks @loader_path/Frameworks";
				PRODUCT_BUNDLE_IDENTIFIER = "StudyGeekBrains.ObjC2-Lesson1UITests";
				PRODUCT_NAME = "$(TARGET_NAME)";
				TEST_TARGET_NAME = ObjC2.Lesson1;
			};
			name = Release;
		};
/* End XCBuildConfiguration section */

/* Begin XCConfigurationList section */
		CE479A701E3FCF5500EE25CF /* Build configuration list for PBXProject "ObjC2.Lesson1" */ = {
			isa = XCConfigurationList;
			buildConfigurations = (
				CE479AA01E3FCF5500EE25CF /* Debug */,
				CE479AA11E3FCF5500EE25CF /* Release */,
			);
			defaultConfigurationIsVisible = 0;
			defaultConfigurationName = Release;
		};
		CE479AA21E3FCF5500EE25CF /* Build configuration list for PBXNativeTarget "ObjC2.Lesson1" */ = {
			isa = XCConfigurationList;
			buildConfigurations = (
				CE479AA31E3FCF5500EE25CF /* Debug */,
				CE479AA41E3FCF5500EE25CF /* Release */,
			);
			defaultConfigurationIsVisible = 0;
		};
		CE479AA51E3FCF5500EE25CF /* Build configuration list for PBXNativeTarget "ObjC2.Lesson1Tests" */ = {
			isa = XCConfigurationList;
			buildConfigurations = (
				CE479AA61E3FCF5500EE25CF /* Debug */,
				CE479AA71E3FCF5500EE25CF /* Release */,
			);
			defaultConfigurationIsVisible = 0;
		};
		CE479AA81E3FCF5500EE25CF /* Build configuration list for PBXNativeTarget "ObjC2.Lesson1UITests" */ = {
			isa = XCConfigurationList;
			buildConfigurations = (
				CE479AA91E3FCF5500EE25CF /* Debug */,
				CE479AAA1E3FCF5500EE25CF /* Release */,
			);
			defaultConfigurationIsVisible = 0;
		};
/* End XCConfigurationList section */
	};
	rootObject = CE479A6D1E3FCF5500EE25CF /* Project object */;
}
